
Microsoft Visual Studio Solution File, Format Version 12.00
# Visual Studio Version 17
VisualStudioVersion = 17.0.32112.339
MinimumVisualStudioVersion = 10.0.40219.1
Project("{FAE04EC0-301F-11D3-BF4B-00C04F79EFBC}") = "dotgminet", "dotgminet.csproj", "{AE25833F-B82F-41AE-A7BD-895F1B65A0CF}"
EndProject
Global
	GlobalSection(SolutionConfigurationPlatforms) = preSolution
		Debug|Any CPU = Debug|Any CPU
		Release|Any CPU = Release|Any CPU
	EndGlobalSection
	GlobalSection(ProjectConfigurationPlatforms) = postSolution
		{AE25833F-B82F-41AE-A7BD-895F1B65A0CF}.Debug|Any CPU.ActiveCfg = Debug|Any CPU
		{AE25833F-B82F-41AE-A7BD-895F1B65A0CF}.Debug|Any CPU.Build.0 = Debug|Any CPU
		{AE25833F-B82F-41AE-A7BD-895F1B65A0CF}.Release|Any CPU.ActiveCfg = Release|Any CPU
		{AE25833F-B82F-41AE-A7BD-895F1B65A0CF}.Release|Any CPU.Build.0 = Release|Any CPU
	EndGlobalSection
	GlobalSection(SolutionProperties) = preSolution
		HideSolutionNode = FALSE
	EndGlobalSection
	GlobalSection(ExtensibilityGlobals) = postSolution
		SolutionGuid = {EC81D9F7-CB18-4966-B0BF-4C31BC06FE19}
	EndGlobalSection
EndGlobal
